{
	"name": "map-viewer",
	"version": "0.6.0",
	"lockfileVersion": 1,
	"requires": true,
	"dependencies": {
		"ajv": {
			"version": "5.5.2",
			"resolved": "https://registry.npmjs.org/ajv/-/ajv-5.5.2.tgz",
			"integrity": "sha1-c7Xuyj+rZT49P5Qis0GtQiBdyWU=",
			"requires": {
				"co": "^4.6.0",
				"fast-deep-equal": "^1.0.0",
				"fast-json-stable-stringify": "^2.0.0",
				"json-schema-traverse": "^0.3.0"
			}
		},
		"co": {
			"version": "4.6.0",
			"resolved": "https://registry.npmjs.org/co/-/co-4.6.0.tgz",
			"integrity": "sha1-bqa989hTrlTMuOR7+gvz+QMfsYQ="
		},
		"fast-deep-equal": {
			"version": "1.1.0",
			"resolved": "https://registry.npmjs.org/fast-deep-equal/-/fast-deep-equal-1.1.0.tgz",
			"integrity": "sha1-wFNHeBfIa1HaqFPIHgWbcz0CNhQ="
		},
		"fast-json-stable-stringify": {
			"version": "2.1.0",
			"resolved": "https://registry.npmjs.org/fast-json-stable-stringify/-/fast-json-stable-stringify-2.1.0.tgz",
			"integrity": "sha512-lhd/wF+Lk98HZoTCtlVraHtfh5XYijIjalXck7saUtuanSDyLMxnHhSXEDJqHxD7msR8D0uCmqlkwjCV8xvwHw=="
		},
		"json-schema-traverse": {
			"version": "0.3.1",
			"resolved": "https://registry.npmjs.org/json-schema-traverse/-/json-schema-traverse-0.3.1.tgz",
			"integrity": "sha1-NJptRMU6Ud6JtAgFxdXlm0F9M0A="
		},
		"leaflet": {
			"version": "1.6.0",
			"resolved": "https://registry.npmjs.org/leaflet/-/leaflet-1.6.0.tgz",
			"integrity": "sha512-CPkhyqWUKZKFJ6K8umN5/D2wrJ2+/8UIpXppY7QDnUZW5bZL5+SEI2J7GBpwh4LIupOKqbNSQXgqmrEJopHVNQ=="
		},
		"leaflet-csvtiles": {
			"version": "0.4.0",
			"resolved": "https://registry.npmjs.org/leaflet-csvtiles/-/leaflet-csvtiles-0.4.0.tgz",
			"integrity": "sha512-Re2Nt2vZv6VFNlJnqGiLojWZmkJPCD1rHD6O8tB30o79XYovDfu+gbE5qR1K6fvNuwlPApCvScl+zI4HaNvpMw==",
			"requires": {
				"papaparse": "^4.3.3"
			}
		},
		"leaflet-map-builder": {
			"version": "2.0.2",
			"resolved": "https://registry.npmjs.org/leaflet-map-builder/-/leaflet-map-builder-2.0.2.tgz",
			"integrity": "sha512-htlEFT8/VdbA+FB1H9/8CqopxkWwjNkQFFBfHdUQG84aDyRrwRfsr0qLi9TygQkAmmoVgxOTJC0OGFnzKIGRgw==",
			"requires": {
				"leaflet": "~1.6.0"
			}
		},
		"leaflet-multilevel": {
			"version": "0.0.1",
			"resolved": "https://registry.npmjs.org/leaflet-multilevel/-/leaflet-multilevel-0.0.1.tgz",
			"integrity": "sha512-6ixsJKuyup38WY8JPtwuV0drvJTNjjB4ksTxHG1gt3+hpnxhXrzdpd72bzdubeYBAhC6kj7phoVUmfFoTCrBxg=="
		},
		"papaparse": {
			"version": "4.6.3",
			"resolved": "https://registry.npmjs.org/papaparse/-/papaparse-4.6.3.tgz",
			"integrity": "sha512-LRq7BrHC2kHPBYSD50aKuw/B/dGcg29omyJbKWY3KsYUZU69RKwaBHu13jGmCYBtOc4odsLCrFyk6imfyNubJQ=="
		}
	}
}
