{
  "name": "map-viewer",
  "version": "0.0.1",
  "lockfileVersion": 1,
  "requires": true,
  "dependencies": {
    "@korzio/djv-draft-04": {
      "version": "2.0.0",
      "resolved": "https://registry.npmjs.org/@korzio/djv-draft-04/-/djv-draft-04-2.0.0.tgz",
      "integrity": "sha1-m0WabHKyqcUL9O8dJJvbWN2EBWY=",
      "optional": true
    },
    "djv": {
      "version": "2.0.0",
      "resolved": "https://registry.npmjs.org/djv/-/djv-2.0.0.tgz",
      "integrity": "sha1-CRjKWDCn5mbxOhl3dk3fHMKZglQ=",
      "requires": {
        "@korzio/djv-draft-04": "2.0.0"
      }
    },
    "leaflet": {
      "version": "1.2.0",
      "resolved": "https://registry.npmjs.org/leaflet/-/leaflet-1.2.0.tgz",
      "integrity": "sha512-Bold8phAE6WcRsuwhofrQ7cOK1REFHaYIkKuj7+TBYK3ONKRpGGIb5oXR5akYotFnrWN0TWKh6Svlhflm3dogg=="
    },
    "leaflet-map-builder": {
      "version": "0.2.5",
      "resolved": "https://registry.npmjs.org/leaflet-map-builder/-/leaflet-map-builder-0.2.5.tgz",
      "integrity": "sha512-mcdpkZhASBNL8DZPcqugEZZm3s+6ZXAmQu5Odvmodn/+hlpZBYr2cKl6gR4IbyzyySnJbkw4zDxPZ8Xh346kBQ==",
      "requires": {
        "leaflet": "1.0.3"
      },
      "dependencies": {
        "leaflet": {
          "version": "1.0.3",
          "resolved": "https://registry.npmjs.org/leaflet/-/leaflet-1.0.3.tgz",
          "integrity": "sha1-H0AbmLRcgZITTGyNaWhiU4BQB8g="
        }
      }
    }
  }
}
